
Microsoft Visual Studio Solution File, Format Version 12.00
# Visual Studio Version 16
VisualStudioVersion = 16.0.29920.165
MinimumVisualStudioVersion = 10.0.40219.1
Project("{9A19103F-16F7-4668-BE54-9A1E7A4F7556}") = "CmdRpg.Game", "CmdRpg.Game\CmdRpg.Game.csproj", "{DD203F11-C251-43A4-8BB2-0E3845BDE49B}"
EndProject
Project("{FAE04EC0-301F-11D3-BF4B-00C04F79EFBC}") = "Environments1", "Environments1\Environments1.csproj", "{9EFFB07F-779D-44C2-BA70-1D28BEA2E1C2}"
EndProject
Global
	GlobalSection(SolutionConfigurationPlatforms) = preSolution
		Debug|Any CPU = Debug|Any CPU
		Release|Any CPU = Release|Any CPU
	EndGlobalSection
	GlobalSection(ProjectConfigurationPlatforms) = postSolution
		{DD203F11-C251-43A4-8BB2-0E3845BDE49B}.Debug|Any CPU.ActiveCfg = Debug|Any CPU
		{DD203F11-C251-43A4-8BB2-0E3845BDE49B}.Debug|Any CPU.Build.0 = Debug|Any CPU
		{DD203F11-C251-43A4-8BB2-0E3845BDE49B}.Release|Any CPU.ActiveCfg = Release|Any CPU
		{DD203F11-C251-43A4-8BB2-0E3845BDE49B}.Release|Any CPU.Build.0 = Release|Any CPU
		{9EFFB07F-779D-44C2-BA70-1D28BEA2E1C2}.Debug|Any CPU.ActiveCfg = Debug|Any CPU
		{9EFFB07F-779D-44C2-BA70-1D28BEA2E1C2}.Debug|Any CPU.Build.0 = Debug|Any CPU
		{9EFFB07F-779D-44C2-BA70-1D28BEA2E1C2}.Release|Any CPU.ActiveCfg = Release|Any CPU
		{9EFFB07F-779D-44C2-BA70-1D28BEA2E1C2}.Release|Any CPU.Build.0 = Release|Any CPU
	EndGlobalSection
	GlobalSection(SolutionProperties) = preSolution
		HideSolutionNode = FALSE
	EndGlobalSection
	GlobalSection(ExtensibilityGlobals) = postSolution
		SolutionGuid = {88ADEA44-71DA-499C-BAEA-5C38ACB78125}
	EndGlobalSection
EndGlobal
