
Microsoft Visual Studio Solution File, Format Version 12.00
# Visual Studio Version 16
VisualStudioVersion = 16.0.30503.244
MinimumVisualStudioVersion = 10.0.40219.1
Project("{9A19103F-16F7-4668-BE54-9A1E7A4F7556}") = "The_Dragon_Lair_SoloRPG", "The_Dragon_Lair_SoloRPG.csproj", "{5D1F3B15-4349-4AF8-8941-B07FCBEB0CE0}"
EndProject
Global
	GlobalSection(SolutionConfigurationPlatforms) = preSolution
		Debug|Any CPU = Debug|Any CPU
		Release|Any CPU = Release|Any CPU
	EndGlobalSection
	GlobalSection(ProjectConfigurationPlatforms) = postSolution
		{5D1F3B15-4349-4AF8-8941-B07FCBEB0CE0}.Debug|Any CPU.ActiveCfg = Debug|Any CPU
		{5D1F3B15-4349-4AF8-8941-B07FCBEB0CE0}.Debug|Any CPU.Build.0 = Debug|Any CPU
		{5D1F3B15-4349-4AF8-8941-B07FCBEB0CE0}.Release|Any CPU.ActiveCfg = Release|Any CPU
		{5D1F3B15-4349-4AF8-8941-B07FCBEB0CE0}.Release|Any CPU.Build.0 = Release|Any CPU
	EndGlobalSection
	GlobalSection(SolutionProperties) = preSolution
		HideSolutionNode = FALSE
	EndGlobalSection
	GlobalSection(ExtensibilityGlobals) = postSolution
		SolutionGuid = {68E73F30-3BA2-4644-A0BA-A2BCE4E00878}
	EndGlobalSection
EndGlobal
